// !$*UTF8*$!
{
	archiveVersion = 1;
	classes = {
	};
	objectVersion = 50;
	objects = {

/* Begin PBXBuildFile section */
		1E3C794A273A8FEC00C6FFF2 /* AppDelegate.swift in Sources */ = {isa = PBXBuildFile; fileRef = 1E3C7949273A8FEC00C6FFF2 /* AppDelegate.swift */; };
		1E3C794C273A8FEC00C6FFF2 /* SceneDelegate.swift in Sources */ = {isa = PBXBuildFile; fileRef = 1E3C794B273A8FEC00C6FFF2 /* SceneDelegate.swift */; };
		1E3C794E273A8FEC00C6FFF2 /* ViewController.swift in Sources */ = {isa = PBXBuildFile; fileRef = 1E3C794D273A8FEC00C6FFF2 /* ViewController.swift */; };
		1E3C7951273A8FEC00C6FFF2 /* Main.storyboard in Resources */ = {isa = PBXBuildFile; fileRef = 1E3C794F273A8FEC00C6FFF2 /* Main.storyboard */; };
		1E3C7953273A8FED00C6FFF2 /* Assets.xcassets in Resources */ = {isa = PBXBuildFile; fileRef = 1E3C7952273A8FED00C6FFF2 /* Assets.xcassets */; };
		1E3C7956273A8FED00C6FFF2 /* LaunchScreen.storyboard in Resources */ = {isa = PBXBuildFile; fileRef = 1E3C7954273A8FED00C6FFF2 /* LaunchScreen.storyboard */; };
		1E3C795E273A904C00C6FFF2 /* green-tea.jpg in Resources */ = {isa = PBXBuildFile; fileRef = 1E3C795D273A904C00C6FFF2 /* green-tea.jpg */; };
		1E3C7960273A905000C6FFF2 /* cafe-latte.jpg in Resources */ = {isa = PBXBuildFile; fileRef = 1E3C795F273A905000C6FFF2 /* cafe-latte.jpg */; };
/* End PBXBuildFile section */

/* Begin PBXFileReference section */
		1E3C7946273A8FEC00C6FFF2 /* Week2-02-TUE-CafelatteApp.app */ = {isa = PBXFileReference; explicitFileType = wrapper.application; includeInIndex = 0; path = "Week2-02-TUE-CafelatteApp.app"; sourceTree = BUILT_PRODUCTS_DIR; };
		1E3C7949273A8FEC00C6FFF2 /* AppDelegate.swift */ = {isa = PBXFileReference; lastKnownFileType = sourcecode.swift; path = AppDelegate.swift; sourceTree = "<group>"; };
		1E3C794B273A8FEC00C6FFF2 /* SceneDelegate.swift */ = {isa = PBXFileReference; lastKnownFileType = sourcecode.swift; path = SceneDelegate.swift; sourceTree = "<group>"; };
		1E3C794D273A8FEC00C6FFF2 /* ViewController.swift */ = {isa = PBXFileReference; lastKnownFileType = sourcecode.swift; path = ViewController.swift; sourceTree = "<group>"; };
		1E3C7950273A8FEC00C6FFF2 /* Base */ = {isa = PBXFileReference; lastKnownFileType = file.storyboard; name = Base; path = Base.lproj/Main.storyboard; sourceTree = "<group>"; };
		1E3C7952273A8FED00C6FFF2 /* Assets.xcassets */ = {isa = PBXFileReference; lastKnownFileType = folder.assetcatalog; path = Assets.xcassets; sourceTree = "<group>"; };
		1E3C7955273A8FED00C6FFF2 /* Base */ = {isa = PBXFileReference; lastKnownFileType = file.storyboard; name = Base; path = Base.lproj/LaunchScreen.storyboard; sourceTree = "<group>"; };
		1E3C7957273A8FED00C6FFF2 /* Info.plist */ = {isa = PBXFileReference; lastKnownFileType = text.plist.xml; path = Info.plist; sourceTree = "<group>"; };
		1E3C795D273A904C00C6FFF2 /* green-tea.jpg */ = {isa = PBXFileReference; lastKnownFileType = image.jpeg; path = "green-tea.jpg"; sourceTree = "<group>"; };
		1E3C795F273A905000C6FFF2 /* cafe-latte.jpg */ = {isa = PBXFileReference; lastKnownFileType = image.jpeg; path = "cafe-latte.jpg"; sourceTree = "<group>"; };
/* End PBXFileReference section */

/* Begin PBXFrameworksBuildPhase section */
		1E3C7943273A8FEC00C6FFF2 /* Frameworks */ = {
			isa = PBXFrameworksBuildPhase;
			buildActionMask = 2147483647;
			files = (
			);
			runOnlyForDeploymentPostprocessing = 0;
		};
/* End PBXFrameworksBuildPhase section */

/* Begin PBXGroup section */
		1E3C793D273A8FEC00C6FFF2 = {
			isa = PBXGroup;
			children = (
				1E3C7948273A8FEC00C6FFF2 /* Week2-Cafelatte */,
				1E3C7947273A8FEC00C6FFF2 /* Products */,
			);
			sourceTree = "<group>";
		};
		1E3C7947273A8FEC00C6FFF2 /* Products */ = {
			isa = PBXGroup;
			children = (
				1E3C7946273A8FEC00C6FFF2 /* Week2-02-TUE-CafelatteApp.app */,
			);
			name = Products;
			sourceTree = "<group>";
		};
		1E3C7948273A8FEC00C6FFF2 /* Week2-Cafelatte */ = {
			isa = PBXGroup;
			children = (
				1E3C7949273A8FEC00C6FFF2 /* AppDelegate.swift */,
				1E3C794B273A8FEC00C6FFF2 /* SceneDelegate.swift */,
				1E3C794D273A8FEC00C6FFF2 /* ViewController.swift */,
				1E3C795F273A905000C6FFF2 /* cafe-latte.jpg */,
				1E3C795D273A904C00C6FFF2 /* green-tea.jpg */,
				1E3C794F273A8FEC00C6FFF2 /* Main.storyboard */,
				1E3C7952273A8FED00C6FFF2 /* Assets.xcassets */,
				1E3C7954273A8FED00C6FFF2 /* LaunchScreen.storyboard */,
				1E3C7957273A8FED00C6FFF2 /* Info.plist */,
			);
			name = "Week2-Cafelatte";
			path = "Week2-02-TUE-CafelatteApp";
			sourceTree = "<group>";
		};
/* End PBXGroup section */

/* Begin PBXNativeTarget section */
		1E3C7945273A8FEC00C6FFF2 /* Week2-02-TUE-CafelatteApp */ = {
			isa = PBXNativeTarget;
			buildConfigurationList = 1E3C795A273A8FED00C6FFF2 /* Build configuration list for PBXNativeTarget "Week2-02-TUE-CafelatteApp" */;
			buildPhases = (
				1E3C7942273A8FEC00C6FFF2 /* Sources */,
				1E3C7943273A8FEC00C6FFF2 /* Frameworks */,
				1E3C7944273A8FEC00C6FFF2 /* Resources */,
			);
			buildRules = (
			);
			dependencies = (
			);
			name = "Week2-02-TUE-CafelatteApp";
			productName = "Week2-Cafelatte";
			productReference = 1E3C7946273A8FEC00C6FFF2 /* Week2-02-TUE-CafelatteApp.app */;
			productType = "com.apple.product-type.application";
		};
/* End PBXNativeTarget section */

/* Begin PBXProject section */
		1E3C793E273A8FEC00C6FFF2 /* Project object */ = {
			isa = PBXProject;
			attributes = {
				LastSwiftUpdateCheck = 1250;
				LastUpgradeCheck = 1250;
				TargetAttributes = {
					1E3C7945273A8FEC00C6FFF2 = {
						CreatedOnToolsVersion = 12.5.1;
					};
				};
			};
			buildConfigurationList = 1E3C7941273A8FEC00C6FFF2 /* Build configuration list for PBXProject "Week2-02-TUE-CafelatteApp" */;
			compatibilityVersion = "Xcode 9.3";
			developmentRegion = en;
			hasScannedForEncodings = 0;
			knownRegions = (
				en,
				Base,
			);
			mainGroup = 1E3C793D273A8FEC00C6FFF2;
			productRefGroup = 1E3C7947273A8FEC00C6FFF2 /* Products */;
			projectDirPath = "";
			projectRoot = "";
			targets = (
				1E3C7945273A8FEC00C6FFF2 /* Week2-02-TUE-CafelatteApp */,
			);
		};
/* End PBXProject section */

/* Begin PBXResourcesBuildPhase section */
		1E3C7944273A8FEC00C6FFF2 /* Resources */ = {
			isa = PBXResourcesBuildPhase;
			buildActionMask = 2147483647;
			files = (
				1E3C795E273A904C00C6FFF2 /* green-tea.jpg in Resources */,
				1E3C7956273A8FED00C6FFF2 /* LaunchScreen.storyboard in Resources */,
				1E3C7960273A905000C6FFF2 /* cafe-latte.jpg in Resources */,
				1E3C7953273A8FED00C6FFF2 /* Assets.xcassets in Resources */,
				1E3C7951273A8FEC00C6FFF2 /* Main.storyboard in Resources */,
			);
			runOnlyForDeploymentPostprocessing = 0;
		};
/* End PBXResourcesBuildPhase section */

/* Begin PBXSourcesBuildPhase section */
		1E3C7942273A8FEC00C6FFF2 /* Sources */ = {
			isa = PBXSourcesBuildPhase;
			buildActionMask = 2147483647;
			files = (
				1E3C794E273A8FEC00C6FFF2 /* ViewController.swift in Sources */,
				1E3C794A273A8FEC00C6FFF2 /* AppDelegate.swift in Sources */,
				1E3C794C273A8FEC00C6FFF2 /* SceneDelegate.swift in Sources */,
			);
			runOnlyForDeploymentPostprocessing = 0;
		};
/* End PBXSourcesBuildPhase section */

/* Begin PBXVariantGroup section */
		1E3C794F273A8FEC00C6FFF2 /* Main.storyboard */ = {
			isa = PBXVariantGroup;
			children = (
				1E3C7950273A8FEC00C6FFF2 /* Base */,
			);
			name = Main.storyboard;
			sourceTree = "<group>";
		};
		1E3C7954273A8FED00C6FFF2 /* LaunchScreen.storyboard */ = {
			isa = PBXVariantGroup;
			children = (
				1E3C7955273A8FED00C6FFF2 /* Base */,
			);
			name = LaunchScreen.storyboard;
			sourceTree = "<group>";
		};
/* End PBXVariantGroup section */

/* Begin XCBuildConfiguration section */
		1E3C7958273A8FED00C6FFF2 /* Debug */ = {
			isa = XCBuildConfiguration;
			buildSettings = {
				ALWAYS_SEARCH_USER_PATHS = NO;
				CLANG_ANALYZER_NONNULL = YES;
				CLANG_ANALYZER_NUMBER_OBJECT_CONVERSION = YES_AGGRESSIVE;
				CLANG_CXX_LANGUAGE_STANDARD = "gnu++14";
				CLANG_CXX_LIBRARY = "libc++";
				CLANG_ENABLE_MODULES = YES;
				CLANG_ENABLE_OBJC_ARC = YES;
				CLANG_ENABLE_OBJC_WEAK = YES;
				CLANG_WARN_BLOCK_CAPTURE_AUTORELEASING = YES;
				CLANG_WARN_BOOL_CONVERSION = YES;
				CLANG_WARN_COMMA = YES;
				CLANG_WARN_CONSTANT_CONVERSION = YES;
				CLANG_WARN_DEPRECATED_OBJC_IMPLEMENTATIONS = YES;
				CLANG_WARN_DIRECT_OBJC_ISA_USAGE = YES_ERROR;
				CLANG_WARN_DOCUMENTATION_COMMENTS = YES;
				CLANG_WARN_EMPTY_BODY = YES;
				CLANG_WARN_ENUM_CONVERSION = YES;
				CLANG_WARN_INFINITE_RECURSION = YES;
				CLANG_WARN_INT_CONVERSION = YES;
				CLANG_WARN_NON_LITERAL_NULL_CONVERSION = YES;
				CLANG_WARN_OBJC_IMPLICIT_RETAIN_SELF = YES;
				CLANG_WARN_OBJC_LITERAL_CONVERSION = YES;
				CLANG_WARN_OBJC_ROOT_CLASS = YES_ERROR;
				CLANG_WARN_QUOTED_INCLUDE_IN_FRAMEWORK_HEADER = YES;
				CLANG_WARN_RANGE_LOOP_ANALYSIS = YES;
				CLANG_WARN_STRICT_PROTOTYPES = YES;
				CLANG_WARN_SUSPICIOUS_MOVE = YES;
				CLANG_WARN_UNGUARDED_AVAILABILITY = YES_AGGRESSIVE;
				CLANG_WARN_UNREACHABLE_CODE = YES;
				CLANG_WARN__DUPLICATE_METHOD_MATCH = YES;
				COPY_PHASE_STRIP = NO;
				DEBUG_INFORMATION_FORMAT = dwarf;
				ENABLE_STRICT_OBJC_MSGSEND = YES;
				ENABLE_TESTABILITY = YES;
				GCC_C_LANGUAGE_STANDARD = gnu11;
				GCC_DYNAMIC_NO_PIC = NO;
				GCC_NO_COMMON_BLOCKS = YES;
				GCC_OPTIMIZATION_LEVEL = 0;
				GCC_PREPROCESSOR_DEFINITIONS = (
					"DEBUG=1",
					"$(inherited)",
				);
				GCC_WARN_64_TO_32_BIT_CONVERSION = YES;
				GCC_WARN_ABOUT_RETURN_TYPE = YES_ERROR;
				GCC_WARN_UNDECLARED_SELECTOR = YES;
				GCC_WARN_UNINITIALIZED_AUTOS = YES_AGGRESSIVE;
				GCC_WARN_UNUSED_FUNCTION = YES;
				GCC_WARN_UNUSED_VARIABLE = YES;
				IPHONEOS_DEPLOYMENT_TARGET = 14.5;
				MTL_ENABLE_DEBUG_INFO = INCLUDE_SOURCE;
				MTL_FAST_MATH = YES;
				ONLY_ACTIVE_ARCH = YES;
				SDKROOT = iphoneos;
				SWIFT_ACTIVE_COMPILATION_CONDITIONS = DEBUG;
				SWIFT_OPTIMIZATION_LEVEL = "-Onone";
			};
			name = Debug;
		};
		1E3C7959273A8FED00C6FFF2 /* Release */ = {
			isa = XCBuildConfiguration;
			buildSettings = {
				ALWAYS_SEARCH_USER_PATHS = NO;
				CLANG_ANALYZER_NONNULL = YES;
				CLANG_ANALYZER_NUMBER_OBJECT_CONVERSION = YES_AGGRESSIVE;
				CLANG_CXX_LANGUAGE_STANDARD = "gnu++14";
				CLANG_CXX_LIBRARY = "libc++";
				CLANG_ENABLE_MODULES = YES;
				CLANG_ENABLE_OBJC_ARC = YES;
				CLANG_ENABLE_OBJC_WEAK = YES;
				CLANG_WARN_BLOCK_CAPTURE_AUTORELEASING = YES;
				CLANG_WARN_BOOL_CONVERSION = YES;
				CLANG_WARN_COMMA = YES;
				CLANG_WARN_CONSTANT_CONVERSION = YES;
				CLANG_WARN_DEPRECATED_OBJC_IMPLEMENTATIONS = YES;
				CLANG_WARN_DIRECT_OBJC_ISA_USAGE = YES_ERROR;
				CLANG_WARN_DOCUMENTATION_COMMENTS = YES;
				CLANG_WARN_EMPTY_BODY = YES;
				CLANG_WARN_ENUM_CONVERSION = YES;
				CLANG_WARN_INFINITE_RECURSION = YES;
				CLANG_WARN_INT_CONVERSION = YES;
				CLANG_WARN_NON_LITERAL_NULL_CONVERSION = YES;
				CLANG_WARN_OBJC_IMPLICIT_RETAIN_SELF = YES;
				CLANG_WARN_OBJC_LITERAL_CONVERSION = YES;
				CLANG_WARN_OBJC_ROOT_CLASS = YES_ERROR;
				CLANG_WARN_QUOTED_INCLUDE_IN_FRAMEWORK_HEADER = YES;
				CLANG_WARN_RANGE_LOOP_ANALYSIS = YES;
				CLANG_WARN_STRICT_PROTOTYPES = YES;
				CLANG_WARN_SUSPICIOUS_MOVE = YES;
				CLANG_WARN_UNGUARDED_AVAILABILITY = YES_AGGRESSIVE;
				CLANG_WARN_UNREACHABLE_CODE = YES;
				CLANG_WARN__DUPLICATE_METHOD_MATCH = YES;
				COPY_PHASE_STRIP = NO;
				DEBUG_INFORMATION_FORMAT = "dwarf-with-dsym";
				ENABLE_NS_ASSERTIONS = NO;
				ENABLE_STRICT_OBJC_MSGSEND = YES;
				GCC_C_LANGUAGE_STANDARD = gnu11;
				GCC_NO_COMMON_BLOCKS = YES;
				GCC_WARN_64_TO_32_BIT_CONVERSION = YES;
				GCC_WARN_ABOUT_RETURN_TYPE = YES_ERROR;
				GCC_WARN_UNDECLARED_SELECTOR = YES;
				GCC_WARN_UNINITIALIZED_AUTOS = YES_AGGRESSIVE;
				GCC_WARN_UNUSED_FUNCTION = YES;
				GCC_WARN_UNUSED_VARIABLE = YES;
				IPHONEOS_DEPLOYMENT_TARGET = 14.5;
				MTL_ENABLE_DEBUG_INFO = NO;
				MTL_FAST_MATH = YES;
				SDKROOT = iphoneos;
				SWIFT_COMPILATION_MODE = wholemodule;
				SWIFT_OPTIMIZATION_LEVEL = "-O";
				VALIDATE_PRODUCT = YES;
			};
			name = Release;
		};
		1E3C795B273A8FED00C6FFF2 /* Debug */ = {
			isa = XCBuildConfiguration;
			buildSettings = {
				ASSETCATALOG_COMPILER_APPICON_NAME = AppIcon;
				ASSETCATALOG_COMPILER_GLOBAL_ACCENT_COLOR_NAME = AccentColor;
				CODE_SIGN_STYLE = Automatic;
				INFOPLIST_FILE = "Week2-02-TUE-CafelatteApp/Info.plist";
				LD_RUNPATH_SEARCH_PATHS = (
					"$(inherited)",
					"@executable_path/Frameworks",
				);
				PRODUCT_BUNDLE_IDENTIFIER = "SangHyeokKim.Week2-02-TUE-CafelatteApp";
				PRODUCT_NAME = "$(TARGET_NAME)";
				SWIFT_VERSION = 5.0;
				TARGETED_DEVICE_FAMILY = "1,2";
			};
			name = Debug;
		};
		1E3C795C273A8FED00C6FFF2 /* Release */ = {
			isa = XCBuildConfiguration;
			buildSettings = {
				ASSETCATALOG_COMPILER_APPICON_NAME = AppIcon;
				ASSETCATALOG_COMPILER_GLOBAL_ACCENT_COLOR_NAME = AccentColor;
				CODE_SIGN_STYLE = Automatic;
				INFOPLIST_FILE = "Week2-02-TUE-CafelatteApp/Info.plist";
				LD_RUNPATH_SEARCH_PATHS = (
					"$(inherited)",
					"@executable_path/Frameworks",
				);
				PRODUCT_BUNDLE_IDENTIFIER = "SangHyeokKim.Week2-02-TUE-CafelatteApp";
				PRODUCT_NAME = "$(TARGET_NAME)";
				SWIFT_VERSION = 5.0;
				TARGETED_DEVICE_FAMILY = "1,2";
			};
			name = Release;
		};
/* End XCBuildConfiguration section */

/* Begin XCConfigurationList section */
		1E3C7941273A8FEC00C6FFF2 /* Build configuration list for PBXProject "Week2-02-TUE-CafelatteApp" */ = {
			isa = XCConfigurationList;
			buildConfigurations = (
				1E3C7958273A8FED00C6FFF2 /* Debug */,
				1E3C7959273A8FED00C6FFF2 /* Release */,
			);
			defaultConfigurationIsVisible = 0;
			defaultConfigurationName = Release;
		};
		1E3C795A273A8FED00C6FFF2 /* Build configuration list for PBXNativeTarget "Week2-02-TUE-CafelatteApp" */ = {
			isa = XCConfigurationList;
			buildConfigurations = (
				1E3C795B273A8FED00C6FFF2 /* Debug */,
				1E3C795C273A8FED00C6FFF2 /* Release */,
			);
			defaultConfigurationIsVisible = 0;
			defaultConfigurationName = Release;
		};
/* End XCConfigurationList section */
	};
	rootObject = 1E3C793E273A8FEC00C6FFF2 /* Project object */;
}
